// !$*UTF8*$!
{
	archiveVersion = 1;
	classes = {
	};
	objectVersion = 50;
	objects = {

/* Begin PBXBuildFile section */
		A82C280C23F5164D00CCDD7C /* TotalView.swift in Sources */ = {isa = PBXBuildFile; fileRef = A82C280B23F5164D00CCDD7C /* TotalView.swift */; };
		A84A4C1123EFAC6200AEB615 /* CreateOrderResponse.swift in Sources */ = {isa = PBXBuildFile; fileRef = A84A4C1023EFAC6200AEB615 /* CreateOrderResponse.swift */; };
		A84A4C1323F034CC00AEB615 /* CofffeeVM.swift in Sources */ = {isa = PBXBuildFile; fileRef = A84A4C1223F034CC00AEB615 /* CofffeeVM.swift */; };
		A84A4C1523F0372B00AEB615 /* AddCoffeeOrderVIewModel.swift in Sources */ = {isa = PBXBuildFile; fileRef = A84A4C1423F0372B00AEB615 /* AddCoffeeOrderVIewModel.swift */; };
		A84A4C1723F03DF700AEB615 /* AddCoffeeOrderView.swift in Sources */ = {isa = PBXBuildFile; fileRef = A84A4C1623F03DF700AEB615 /* AddCoffeeOrderView.swift */; };
		A8BE11CB23EEE1FB00FC448F /* AppDelegate.swift in Sources */ = {isa = PBXBuildFile; fileRef = A8BE11CA23EEE1FB00FC448F /* AppDelegate.swift */; };
		A8BE11CD23EEE1FB00FC448F /* SceneDelegate.swift in Sources */ = {isa = PBXBuildFile; fileRef = A8BE11CC23EEE1FB00FC448F /* SceneDelegate.swift */; };
		A8BE11CF23EEE1FB00FC448F /* ContentView.swift in Sources */ = {isa = PBXBuildFile; fileRef = A8BE11CE23EEE1FB00FC448F /* ContentView.swift */; };
		A8BE11D123EEE1FC00FC448F /* Assets.xcassets in Resources */ = {isa = PBXBuildFile; fileRef = A8BE11D023EEE1FC00FC448F /* Assets.xcassets */; };
		A8BE11D423EEE1FC00FC448F /* Preview Assets.xcassets in Resources */ = {isa = PBXBuildFile; fileRef = A8BE11D323EEE1FC00FC448F /* Preview Assets.xcassets */; };
		A8BE11D723EEE1FC00FC448F /* LaunchScreen.storyboard in Resources */ = {isa = PBXBuildFile; fileRef = A8BE11D523EEE1FC00FC448F /* LaunchScreen.storyboard */; };
		A8BE11E023EEE26300FC448F /* CofeeModel.swift in Sources */ = {isa = PBXBuildFile; fileRef = A8BE11DF23EEE26300FC448F /* CofeeModel.swift */; };
		A8BE11E223EEE3E700FC448F /* OrderModel.swift in Sources */ = {isa = PBXBuildFile; fileRef = A8BE11E123EEE3E700FC448F /* OrderModel.swift */; };
		A8BE11E523EEE4B900FC448F /* Webservice.swift in Sources */ = {isa = PBXBuildFile; fileRef = A8BE11E423EEE4B900FC448F /* Webservice.swift */; };
		A8BE11E923EEE7BC00FC448F /* OrderListVM.swift in Sources */ = {isa = PBXBuildFile; fileRef = A8BE11E823EEE7BC00FC448F /* OrderListVM.swift */; };
		A8BE11EC23EEEA5A00FC448F /* OrdersView.swift in Sources */ = {isa = PBXBuildFile; fileRef = A8BE11EB23EEEA5A00FC448F /* OrdersView.swift */; };
/* End PBXBuildFile section */

/* Begin PBXFileReference section */
		A82C280B23F5164D00CCDD7C /* TotalView.swift */ = {isa = PBXFileReference; lastKnownFileType = sourcecode.swift; path = TotalView.swift; sourceTree = "<group>"; };
		A84A4C1023EFAC6200AEB615 /* CreateOrderResponse.swift */ = {isa = PBXFileReference; lastKnownFileType = sourcecode.swift; path = CreateOrderResponse.swift; sourceTree = "<group>"; };
		A84A4C1223F034CC00AEB615 /* CofffeeVM.swift */ = {isa = PBXFileReference; lastKnownFileType = sourcecode.swift; path = CofffeeVM.swift; sourceTree = "<group>"; };
		A84A4C1423F0372B00AEB615 /* AddCoffeeOrderVIewModel.swift */ = {isa = PBXFileReference; lastKnownFileType = sourcecode.swift; path = AddCoffeeOrderVIewModel.swift; sourceTree = "<group>"; };
		A84A4C1623F03DF700AEB615 /* AddCoffeeOrderView.swift */ = {isa = PBXFileReference; lastKnownFileType = sourcecode.swift; path = AddCoffeeOrderView.swift; sourceTree = "<group>"; };
		A8BE11C723EEE1FB00FC448F /* CoffeeApp.app */ = {isa = PBXFileReference; explicitFileType = wrapper.application; includeInIndex = 0; path = CoffeeApp.app; sourceTree = BUILT_PRODUCTS_DIR; };
		A8BE11CA23EEE1FB00FC448F /* AppDelegate.swift */ = {isa = PBXFileReference; lastKnownFileType = sourcecode.swift; path = AppDelegate.swift; sourceTree = "<group>"; };
		A8BE11CC23EEE1FB00FC448F /* SceneDelegate.swift */ = {isa = PBXFileReference; lastKnownFileType = sourcecode.swift; path = SceneDelegate.swift; sourceTree = "<group>"; };
		A8BE11CE23EEE1FB00FC448F /* ContentView.swift */ = {isa = PBXFileReference; lastKnownFileType = sourcecode.swift; path = ContentView.swift; sourceTree = "<group>"; };
		A8BE11D023EEE1FC00FC448F /* Assets.xcassets */ = {isa = PBXFileReference; lastKnownFileType = folder.assetcatalog; path = Assets.xcassets; sourceTree = "<group>"; };
		A8BE11D323EEE1FC00FC448F /* Preview Assets.xcassets */ = {isa = PBXFileReference; lastKnownFileType = folder.assetcatalog; path = "Preview Assets.xcassets"; sourceTree = "<group>"; };
		A8BE11D623EEE1FC00FC448F /* Base */ = {isa = PBXFileReference; lastKnownFileType = file.storyboard; name = Base; path = Base.lproj/LaunchScreen.storyboard; sourceTree = "<group>"; };
		A8BE11D823EEE1FC00FC448F /* Info.plist */ = {isa = PBXFileReference; lastKnownFileType = text.plist.xml; path = Info.plist; sourceTree = "<group>"; };
		A8BE11DF23EEE26300FC448F /* CofeeModel.swift */ = {isa = PBXFileReference; lastKnownFileType = sourcecode.swift; path = CofeeModel.swift; sourceTree = "<group>"; };
		A8BE11E123EEE3E700FC448F /* OrderModel.swift */ = {isa = PBXFileReference; lastKnownFileType = sourcecode.swift; path = OrderModel.swift; sourceTree = "<group>"; };
		A8BE11E423EEE4B900FC448F /* Webservice.swift */ = {isa = PBXFileReference; lastKnownFileType = sourcecode.swift; path = Webservice.swift; sourceTree = "<group>"; };
		A8BE11E823EEE7BC00FC448F /* OrderListVM.swift */ = {isa = PBXFileReference; lastKnownFileType = sourcecode.swift; path = OrderListVM.swift; sourceTree = "<group>"; };
		A8BE11EB23EEEA5A00FC448F /* OrdersView.swift */ = {isa = PBXFileReference; lastKnownFileType = sourcecode.swift; path = OrdersView.swift; sourceTree = "<group>"; };
/* End PBXFileReference section */

/* Begin PBXFrameworksBuildPhase section */
		A8BE11C423EEE1FB00FC448F /* Frameworks */ = {
			isa = PBXFrameworksBuildPhase;
			buildActionMask = 2147483647;
			files = (
			);
			runOnlyForDeploymentPostprocessing = 0;
		};
/* End PBXFrameworksBuildPhase section */

/* Begin PBXGroup section */
		A8BE11BE23EEE1FB00FC448F = {
			isa = PBXGroup;
			children = (
				A8BE11C923EEE1FB00FC448F /* Coffee */,
				A8BE11C823EEE1FB00FC448F /* Products */,
			);
			sourceTree = "<group>";
		};
		A8BE11C823EEE1FB00FC448F /* Products */ = {
			isa = PBXGroup;
			children = (
				A8BE11C723EEE1FB00FC448F /* CoffeeApp.app */,
			);
			name = Products;
			sourceTree = "<group>";
		};
		A8BE11C923EEE1FB00FC448F /* Coffee */ = {
			isa = PBXGroup;
			children = (
				A8BE11EA23EEEA3800FC448F /* Views */,
				A8BE11E723EEE7AB00FC448F /* ViewModels */,
				A8BE11E323EEE48D00FC448F /* Services */,
				A8BE11DE23EEE21700FC448F /* Model */,
				A8BE11CA23EEE1FB00FC448F /* AppDelegate.swift */,
				A8BE11CC23EEE1FB00FC448F /* SceneDelegate.swift */,
				A8BE11D023EEE1FC00FC448F /* Assets.xcassets */,
				A8BE11D523EEE1FC00FC448F /* LaunchScreen.storyboard */,
				A8BE11D823EEE1FC00FC448F /* Info.plist */,
				A8BE11D223EEE1FC00FC448F /* Preview Content */,
			);
			path = Coffee;
			sourceTree = "<group>";
		};
		A8BE11D223EEE1FC00FC448F /* Preview Content */ = {
			isa = PBXGroup;
			children = (
				A8BE11D323EEE1FC00FC448F /* Preview Assets.xcassets */,
			);
			path = "Preview Content";
			sourceTree = "<group>";
		};
		A8BE11DE23EEE21700FC448F /* Model */ = {
			isa = PBXGroup;
			children = (
				A8BE11DF23EEE26300FC448F /* CofeeModel.swift */,
				A8BE11E123EEE3E700FC448F /* OrderModel.swift */,
				A84A4C1023EFAC6200AEB615 /* CreateOrderResponse.swift */,
			);
			path = Model;
			sourceTree = "<group>";
		};
		A8BE11E323EEE48D00FC448F /* Services */ = {
			isa = PBXGroup;
			children = (
				A8BE11E423EEE4B900FC448F /* Webservice.swift */,
			);
			path = Services;
			sourceTree = "<group>";
		};
		A8BE11E723EEE7AB00FC448F /* ViewModels */ = {
			isa = PBXGroup;
			children = (
				A8BE11E823EEE7BC00FC448F /* OrderListVM.swift */,
				A84A4C1223F034CC00AEB615 /* CofffeeVM.swift */,
				A84A4C1423F0372B00AEB615 /* AddCoffeeOrderVIewModel.swift */,
			);
			path = ViewModels;
			sourceTree = "<group>";
		};
		A8BE11EA23EEEA3800FC448F /* Views */ = {
			isa = PBXGroup;
			children = (
				A8BE11CE23EEE1FB00FC448F /* ContentView.swift */,
				A8BE11EB23EEEA5A00FC448F /* OrdersView.swift */,
				A84A4C1623F03DF700AEB615 /* AddCoffeeOrderView.swift */,
				A82C280B23F5164D00CCDD7C /* TotalView.swift */,
			);
			path = Views;
			sourceTree = "<group>";
		};
/* End PBXGroup section */

/* Begin PBXNativeTarget section */
		A8BE11C623EEE1FB00FC448F /* Coffee */ = {
			isa = PBXNativeTarget;
			buildConfigurationList = A8BE11DB23EEE1FC00FC448F /* Build configuration list for PBXNativeTarget "Coffee" */;
			buildPhases = (
				A8BE11C323EEE1FB00FC448F /* Sources */,
				A8BE11C423EEE1FB00FC448F /* Frameworks */,
				A8BE11C523EEE1FB00FC448F /* Resources */,
			);
			buildRules = (
			);
			dependencies = (
			);
			name = Coffee;
			productName = Coffee;
			productReference = A8BE11C723EEE1FB00FC448F /* CoffeeApp.app */;
			productType = "com.apple.product-type.application";
		};
/* End PBXNativeTarget section */

/* Begin PBXProject section */
		A8BE11BF23EEE1FB00FC448F /* Project object */ = {
			isa = PBXProject;
			attributes = {
				LastSwiftUpdateCheck = 1130;
				LastUpgradeCheck = 1130;
				ORGANIZATIONNAME = "Azhagusundaram Tamil";
				TargetAttributes = {
					A8BE11C623EEE1FB00FC448F = {
						CreatedOnToolsVersion = 11.3.1;
					};
				};
			};
			buildConfigurationList = A8BE11C223EEE1FB00FC448F /* Build configuration list for PBXProject "Coffee" */;
			compatibilityVersion = "Xcode 9.3";
			developmentRegion = en;
			hasScannedForEncodings = 0;
			knownRegions = (
				en,
				Base,
			);
			mainGroup = A8BE11BE23EEE1FB00FC448F;
			productRefGroup = A8BE11C823EEE1FB00FC448F /* Products */;
			projectDirPath = "";
			projectRoot = "";
			targets = (
				A8BE11C623EEE1FB00FC448F /* Coffee */,
			);
		};
/* End PBXProject section */

/* Begin PBXResourcesBuildPhase section */
		A8BE11C523EEE1FB00FC448F /* Resources */ = {
			isa = PBXResourcesBuildPhase;
			buildActionMask = 2147483647;
			files = (
				A8BE11D723EEE1FC00FC448F /* LaunchScreen.storyboard in Resources */,
				A8BE11D423EEE1FC00FC448F /* Preview Assets.xcassets in Resources */,
				A8BE11D123EEE1FC00FC448F /* Assets.xcassets in Resources */,
			);
			runOnlyForDeploymentPostprocessing = 0;
		};
/* End PBXResourcesBuildPhase section */

/* Begin PBXSourcesBuildPhase section */
		A8BE11C323EEE1FB00FC448F /* Sources */ = {
			isa = PBXSourcesBuildPhase;
			buildActionMask = 2147483647;
			files = (
				A8BE11CB23EEE1FB00FC448F /* AppDelegate.swift in Sources */,
				A8BE11E923EEE7BC00FC448F /* OrderListVM.swift in Sources */,
				A84A4C1123EFAC6200AEB615 /* CreateOrderResponse.swift in Sources */,
				A84A4C1723F03DF700AEB615 /* AddCoffeeOrderView.swift in Sources */,
				A8BE11CD23EEE1FB00FC448F /* SceneDelegate.swift in Sources */,
				A8BE11E223EEE3E700FC448F /* OrderModel.swift in Sources */,
				A8BE11E023EEE26300FC448F /* CofeeModel.swift in Sources */,
				A8BE11EC23EEEA5A00FC448F /* OrdersView.swift in Sources */,
				A8BE11E523EEE4B900FC448F /* Webservice.swift in Sources */,
				A82C280C23F5164D00CCDD7C /* TotalView.swift in Sources */,
				A84A4C1523F0372B00AEB615 /* AddCoffeeOrderVIewModel.swift in Sources */,
				A8BE11CF23EEE1FB00FC448F /* ContentView.swift in Sources */,
				A84A4C1323F034CC00AEB615 /* CofffeeVM.swift in Sources */,
			);
			runOnlyForDeploymentPostprocessing = 0;
		};
/* End PBXSourcesBuildPhase section */

/* Begin PBXVariantGroup section */
		A8BE11D523EEE1FC00FC448F /* LaunchScreen.storyboard */ = {
			isa = PBXVariantGroup;
			children = (
				A8BE11D623EEE1FC00FC448F /* Base */,
			);
			name = LaunchScreen.storyboard;
			sourceTree = "<group>";
		};
/* End PBXVariantGroup section */

/* Begin XCBuildConfiguration section */
		A8BE11D923EEE1FC00FC448F /* Debug */ = {
			isa = XCBuildConfiguration;
			buildSettings = {
				ALWAYS_SEARCH_USER_PATHS = NO;
				CLANG_ANALYZER_NONNULL = YES;
				CLANG_ANALYZER_NUMBER_OBJECT_CONVERSION = YES_AGGRESSIVE;
				CLANG_CXX_LANGUAGE_STANDARD = "gnu++14";
				CLANG_CXX_LIBRARY = "libc++";
				CLANG_ENABLE_MODULES = YES;
				CLANG_ENABLE_OBJC_ARC = YES;
				CLANG_ENABLE_OBJC_WEAK = YES;
				CLANG_WARN_BLOCK_CAPTURE_AUTORELEASING = YES;
				CLANG_WARN_BOOL_CONVERSION = YES;
				CLANG_WARN_COMMA = YES;
				CLANG_WARN_CONSTANT_CONVERSION = YES;
				CLANG_WARN_DEPRECATED_OBJC_IMPLEMENTATIONS = YES;
				CLANG_WARN_DIRECT_OBJC_ISA_USAGE = YES_ERROR;
				CLANG_WARN_DOCUMENTATION_COMMENTS = YES;
				CLANG_WARN_EMPTY_BODY = YES;
				CLANG_WARN_ENUM_CONVERSION = YES;
				CLANG_WARN_INFINITE_RECURSION = YES;
				CLANG_WARN_INT_CONVERSION = YES;
				CLANG_WARN_NON_LITERAL_NULL_CONVERSION = YES;
				CLANG_WARN_OBJC_IMPLICIT_RETAIN_SELF = YES;
				CLANG_WARN_OBJC_LITERAL_CONVERSION = YES;
				CLANG_WARN_OBJC_ROOT_CLASS = YES_ERROR;
				CLANG_WARN_RANGE_LOOP_ANALYSIS = YES;
				CLANG_WARN_STRICT_PROTOTYPES = YES;
				CLANG_WARN_SUSPICIOUS_MOVE = YES;
				CLANG_WARN_UNGUARDED_AVAILABILITY = YES_AGGRESSIVE;
				CLANG_WARN_UNREACHABLE_CODE = YES;
				CLANG_WARN__DUPLICATE_METHOD_MATCH = YES;
				COPY_PHASE_STRIP = NO;
				DEBUG_INFORMATION_FORMAT = dwarf;
				ENABLE_STRICT_OBJC_MSGSEND = YES;
				ENABLE_TESTABILITY = YES;
				GCC_C_LANGUAGE_STANDARD = gnu11;
				GCC_DYNAMIC_NO_PIC = NO;
				GCC_NO_COMMON_BLOCKS = YES;
				GCC_OPTIMIZATION_LEVEL = 0;
				GCC_PREPROCESSOR_DEFINITIONS = (
					"DEBUG=1",
					"$(inherited)",
				);
				GCC_WARN_64_TO_32_BIT_CONVERSION = YES;
				GCC_WARN_ABOUT_RETURN_TYPE = YES_ERROR;
				GCC_WARN_UNDECLARED_SELECTOR = YES;
				GCC_WARN_UNINITIALIZED_AUTOS = YES_AGGRESSIVE;
				GCC_WARN_UNUSED_FUNCTION = YES;
				GCC_WARN_UNUSED_VARIABLE = YES;
				IPHONEOS_DEPLOYMENT_TARGET = 13.2;
				MTL_ENABLE_DEBUG_INFO = INCLUDE_SOURCE;
				MTL_FAST_MATH = YES;
				ONLY_ACTIVE_ARCH = YES;
				SDKROOT = iphoneos;
				SWIFT_ACTIVE_COMPILATION_CONDITIONS = DEBUG;
				SWIFT_OPTIMIZATION_LEVEL = "-Onone";
			};
			name = Debug;
		};
		A8BE11DA23EEE1FC00FC448F /* Release */ = {
			isa = XCBuildConfiguration;
			buildSettings = {
				ALWAYS_SEARCH_USER_PATHS = NO;
				CLANG_ANALYZER_NONNULL = YES;
				CLANG_ANALYZER_NUMBER_OBJECT_CONVERSION = YES_AGGRESSIVE;
				CLANG_CXX_LANGUAGE_STANDARD = "gnu++14";
				CLANG_CXX_LIBRARY = "libc++";
				CLANG_ENABLE_MODULES = YES;
				CLANG_ENABLE_OBJC_ARC = YES;
				CLANG_ENABLE_OBJC_WEAK = YES;
				CLANG_WARN_BLOCK_CAPTURE_AUTORELEASING = YES;
				CLANG_WARN_BOOL_CONVERSION = YES;
				CLANG_WARN_COMMA = YES;
				CLANG_WARN_CONSTANT_CONVERSION = YES;
				CLANG_WARN_DEPRECATED_OBJC_IMPLEMENTATIONS = YES;
				CLANG_WARN_DIRECT_OBJC_ISA_USAGE = YES_ERROR;
				CLANG_WARN_DOCUMENTATION_COMMENTS = YES;
				CLANG_WARN_EMPTY_BODY = YES;
				CLANG_WARN_ENUM_CONVERSION = YES;
				CLANG_WARN_INFINITE_RECURSION = YES;
				CLANG_WARN_INT_CONVERSION = YES;
				CLANG_WARN_NON_LITERAL_NULL_CONVERSION = YES;
				CLANG_WARN_OBJC_IMPLICIT_RETAIN_SELF = YES;
				CLANG_WARN_OBJC_LITERAL_CONVERSION = YES;
				CLANG_WARN_OBJC_ROOT_CLASS = YES_ERROR;
				CLANG_WARN_RANGE_LOOP_ANALYSIS = YES;
				CLANG_WARN_STRICT_PROTOTYPES = YES;
				CLANG_WARN_SUSPICIOUS_MOVE = YES;
				CLANG_WARN_UNGUARDED_AVAILABILITY = YES_AGGRESSIVE;
				CLANG_WARN_UNREACHABLE_CODE = YES;
				CLANG_WARN__DUPLICATE_METHOD_MATCH = YES;
				COPY_PHASE_STRIP = NO;
				DEBUG_INFORMATION_FORMAT = "dwarf-with-dsym";
				ENABLE_NS_ASSERTIONS = NO;
				ENABLE_STRICT_OBJC_MSGSEND = YES;
				GCC_C_LANGUAGE_STANDARD = gnu11;
				GCC_NO_COMMON_BLOCKS = YES;
				GCC_WARN_64_TO_32_BIT_CONVERSION = YES;
				GCC_WARN_ABOUT_RETURN_TYPE = YES_ERROR;
				GCC_WARN_UNDECLARED_SELECTOR = YES;
				GCC_WARN_UNINITIALIZED_AUTOS = YES_AGGRESSIVE;
				GCC_WARN_UNUSED_FUNCTION = YES;
				GCC_WARN_UNUSED_VARIABLE = YES;
				IPHONEOS_DEPLOYMENT_TARGET = 13.2;
				MTL_ENABLE_DEBUG_INFO = NO;
				MTL_FAST_MATH = YES;
				SDKROOT = iphoneos;
				SWIFT_COMPILATION_MODE = wholemodule;
				SWIFT_OPTIMIZATION_LEVEL = "-O";
				VALIDATE_PRODUCT = YES;
			};
			name = Release;
		};
		A8BE11DC23EEE1FC00FC448F /* Debug */ = {
			isa = XCBuildConfiguration;
			buildSettings = {
				ASSETCATALOG_COMPILER_APPICON_NAME = AppIcon;
				CODE_SIGN_STYLE = Automatic;
				DEVELOPMENT_ASSET_PATHS = "\"Coffee/Preview Content\"";
				DEVELOPMENT_TEAM = Q774K33HT4;
				ENABLE_PREVIEWS = YES;
				INFOPLIST_FILE = Coffee/Info.plist;
				LD_RUNPATH_SEARCH_PATHS = (
					"$(inherited)",
					"@executable_path/Frameworks",
				);
				PRODUCT_BUNDLE_IDENTIFIER = com.jeeva.CoffeeApp;
				PRODUCT_NAME = CoffeeApp;
				SWIFT_VERSION = 5.0;
				TARGETED_DEVICE_FAMILY = "1,2";
			};
			name = Debug;
		};
		A8BE11DD23EEE1FC00FC448F /* Release */ = {
			isa = XCBuildConfiguration;
			buildSettings = {
				ASSETCATALOG_COMPILER_APPICON_NAME = AppIcon;
				CODE_SIGN_STYLE = Automatic;
				DEVELOPMENT_ASSET_PATHS = "\"Coffee/Preview Content\"";
				DEVELOPMENT_TEAM = Q774K33HT4;
				ENABLE_PREVIEWS = YES;
				INFOPLIST_FILE = Coffee/Info.plist;
				LD_RUNPATH_SEARCH_PATHS = (
					"$(inherited)",
					"@executable_path/Frameworks",
				);
				PRODUCT_BUNDLE_IDENTIFIER = com.jeeva.CoffeeApp;
				PRODUCT_NAME = CoffeeApp;
				SWIFT_VERSION = 5.0;
				TARGETED_DEVICE_FAMILY = "1,2";
			};
			name = Release;
		};
/* End XCBuildConfiguration section */

/* Begin XCConfigurationList section */
		A8BE11C223EEE1FB00FC448F /* Build configuration list for PBXProject "Coffee" */ = {
			isa = XCConfigurationList;
			buildConfigurations = (
				A8BE11D923EEE1FC00FC448F /* Debug */,
				A8BE11DA23EEE1FC00FC448F /* Release */,
			);
			defaultConfigurationIsVisible = 0;
			defaultConfigurationName = Release;
		};
		A8BE11DB23EEE1FC00FC448F /* Build configuration list for PBXNativeTarget "Coffee" */ = {
			isa = XCConfigurationList;
			buildConfigurations = (
				A8BE11DC23EEE1FC00FC448F /* Debug */,
				A8BE11DD23EEE1FC00FC448F /* Release */,
			);
			defaultConfigurationIsVisible = 0;
			defaultConfigurationName = Release;
		};
/* End XCConfigurationList section */
	};
	rootObject = A8BE11BF23EEE1FB00FC448F /* Project object */;
}
